{
    "_readme": [
        "This file locks the dependencies of your project to a known state",
        "Read more about it at https://getcomposer.org/doc/01-basic-usage.md#composer-lock-the-lock-file",
        "This file is @generated automatically"
    ],
    "content-hash": "fbd09dcfd2d72cd75b0073f37c5c02d0",
    "packages": [
        {
            "name": "apache/thrift",
            "version": "0.11.0",
            "source": {
                "type": "git",
                "url": "https://git-wip-us.apache.org/repos/asf/thrift.git",
                "reference": "327ebb6c2b6df8bf075da02ef45a2a034e9b79ba"
            },
            "dist": {
                "type": "zip",
                "url": "https://pkg.corp.anjuke.com/file/apache/thrift/327ebb6c2b6df8bf075da02ef45a2a034e9b79ba.zip",
                "reference": "327ebb6c2b6df8bf075da02ef45a2a034e9b79ba",
                "shasum": null
            },
            "require": {
                "php": ">=5.3.0"
            },
            "type": "library",
            "extra": {
                "branch-alias": []
            },
            "autoload": {
                "psr-0": {
                    "Thrift": "lib/php/lib/"
                }
            },
            "notification-url": "https://packagist.org/downloads/",
            "license": [
                "Apache-2.0"
            ],
            "authors": [
                {
                    "name": "Apache Thrift Developers",
                    "email": "dev@thrift.apache.org",
                    "homepage": "http://thrift.apache.org"
                }
            ],
            "description": "Apache Thrift RPC system",
            "homepage": "http://thrift.apache.org/",
            "time": "2017-12-03T17:27:58+00:00"
        }
    ],
    "packages-dev": [],
    "aliases": [],
    "minimum-stability": "stable",
    "stability-flags": [],
    "prefer-stable": false,
    "prefer-lowest": false,
    "platform": [],
    "platform-dev": []
}
